
Microsoft Visual Studio Solution File, Format Version 12.00
# Visual Studio 15
VisualStudioVersion = 15.0.27130.2027
MinimumVisualStudioVersion = 10.0.40219.1
Project("{FAE04EC0-301F-11D3-BF4B-00C04F79EFBC}") = "NotificationServiceClient", "NotificationServiceClient\NotificationServiceClient.csproj", "{6FF3A8BB-C57C-4CC3-9E8C-B704842D198A}"
EndProject
Global
	GlobalSection(SolutionConfigurationPlatforms) = preSolution
		Debug|Any CPU = Debug|Any CPU
		Release|Any CPU = Release|Any CPU
	EndGlobalSection
	GlobalSection(ProjectConfigurationPlatforms) = postSolution
		{6FF3A8BB-C57C-4CC3-9E8C-B704842D198A}.Debug|Any CPU.ActiveCfg = Debug|Any CPU
		{6FF3A8BB-C57C-4CC3-9E8C-B704842D198A}.Debug|Any CPU.Build.0 = Debug|Any CPU
		{6FF3A8BB-C57C-4CC3-9E8C-B704842D198A}.Release|Any CPU.ActiveCfg = Release|Any CPU
		{6FF3A8BB-C57C-4CC3-9E8C-B704842D198A}.Release|Any CPU.Build.0 = Release|Any CPU
	EndGlobalSection
	GlobalSection(SolutionProperties) = preSolution
		HideSolutionNode = FALSE
	EndGlobalSection
	GlobalSection(ExtensibilityGlobals) = postSolution
		SolutionGuid = {4A73D32F-CB67-418A-9067-DC529707E07E}
	EndGlobalSection
EndGlobal
